{
  "name": "try1",
  "version": "1.0.0",
  "lockfileVersion": 1,
  "requires": true,
  "dependencies": {
    "eslint-plugin-react-hooks": {
      "version": "1.1.0-alpha.1",
      "resolved": "https://registry.npmjs.org/eslint-plugin-react-hooks/-/eslint-plugin-react-hooks-1.1.0-alpha.1.tgz",
      "integrity": "sha512-mliA3yxdvED1124X883LEqZhry/c30syJ2hMMOHdiWvqgtPNgf8d7waMxUZx72iAHXwGkt/lGDaWkq5+d9Zn6A==",
      "dev": true
    }
  }
}
